
Microsoft Visual Studio Solution File, Format Version 12.00
# Visual Studio Version 16
VisualStudioVersion = 16.0.30523.141
MinimumVisualStudioVersion = 10.0.40219.1
Project("{9A19103F-16F7-4668-BE54-9A1E7A4F7556}") = "BitSwarm", "BitSwarm\BitSwarm.csproj", "{373AC16D-9FB0-4215-B09B-E576516932D0}"
EndProject
Project("{2150E333-8FDC-42A3-9474-1A3956D46DE8}") = "Solution Items", "Solution Items", "{9A8A0907-6A1E-4E2B-B82E-49060C07F398}"
	ProjectSection(SolutionItems) = preProject
		README.md = README.md
	EndProjectSection
EndProject
Project("{9A19103F-16F7-4668-BE54-9A1E7A4F7556}") = "BitSwarm (Console Core Demo)", "BitSwarm (Console Core Demo)\BitSwarm (Console Core Demo).csproj", "{273CC3F2-7767-42D4-9275-C1A75307002D}"
EndProject
Global
	GlobalSection(SolutionConfigurationPlatforms) = preSolution
		Debug|Any CPU = Debug|Any CPU
		Debug|x64 = Debug|x64
		Debug|x86 = Debug|x86
		Release|Any CPU = Release|Any CPU
		Release|x64 = Release|x64
		Release|x86 = Release|x86
	EndGlobalSection
	GlobalSection(ProjectConfigurationPlatforms) = postSolution
		{373AC16D-9FB0-4215-B09B-E576516932D0}.Debug|Any CPU.ActiveCfg = Debug|Any CPU
		{373AC16D-9FB0-4215-B09B-E576516932D0}.Debug|Any CPU.Build.0 = Debug|Any CPU
		{373AC16D-9FB0-4215-B09B-E576516932D0}.Debug|x64.ActiveCfg = Debug|Any CPU
		{373AC16D-9FB0-4215-B09B-E576516932D0}.Debug|x64.Build.0 = Debug|Any CPU
		{373AC16D-9FB0-4215-B09B-E576516932D0}.Debug|x86.ActiveCfg = Debug|Any CPU
		{373AC16D-9FB0-4215-B09B-E576516932D0}.Debug|x86.Build.0 = Debug|Any CPU
		{373AC16D-9FB0-4215-B09B-E576516932D0}.Release|Any CPU.ActiveCfg = Release|Any CPU
		{373AC16D-9FB0-4215-B09B-E576516932D0}.Release|Any CPU.Build.0 = Release|Any CPU
		{373AC16D-9FB0-4215-B09B-E576516932D0}.Release|x64.ActiveCfg = Release|Any CPU
		{373AC16D-9FB0-4215-B09B-E576516932D0}.Release|x64.Build.0 = Release|Any CPU
		{373AC16D-9FB0-4215-B09B-E576516932D0}.Release|x86.ActiveCfg = Release|Any CPU
		{373AC16D-9FB0-4215-B09B-E576516932D0}.Release|x86.Build.0 = Release|Any CPU
		{273CC3F2-7767-42D4-9275-C1A75307002D}.Debug|Any CPU.ActiveCfg = Debug|Any CPU
		{273CC3F2-7767-42D4-9275-C1A75307002D}.Debug|Any CPU.Build.0 = Debug|Any CPU
		{273CC3F2-7767-42D4-9275-C1A75307002D}.Debug|x64.ActiveCfg = Debug|Any CPU
		{273CC3F2-7767-42D4-9275-C1A75307002D}.Debug|x64.Build.0 = Debug|Any CPU
		{273CC3F2-7767-42D4-9275-C1A75307002D}.Debug|x86.ActiveCfg = Debug|Any CPU
		{273CC3F2-7767-42D4-9275-C1A75307002D}.Debug|x86.Build.0 = Debug|Any CPU
		{273CC3F2-7767-42D4-9275-C1A75307002D}.Release|Any CPU.ActiveCfg = Release|Any CPU
		{273CC3F2-7767-42D4-9275-C1A75307002D}.Release|Any CPU.Build.0 = Release|Any CPU
		{273CC3F2-7767-42D4-9275-C1A75307002D}.Release|x64.ActiveCfg = Release|Any CPU
		{273CC3F2-7767-42D4-9275-C1A75307002D}.Release|x64.Build.0 = Release|Any CPU
		{273CC3F2-7767-42D4-9275-C1A75307002D}.Release|x86.ActiveCfg = Release|Any CPU
		{273CC3F2-7767-42D4-9275-C1A75307002D}.Release|x86.Build.0 = Release|Any CPU
	EndGlobalSection
	GlobalSection(SolutionProperties) = preSolution
		HideSolutionNode = FALSE
	EndGlobalSection
	GlobalSection(ExtensibilityGlobals) = postSolution
		SolutionGuid = {4DAE6868-09D7-4283-963F-55DE9AB2BD34}
	EndGlobalSection
EndGlobal
